
Microsoft Visual Studio Solution File, Format Version 12.00
# Visual Studio Version 17
VisualStudioVersion = 17.0.32014.148
MinimumVisualStudioVersion = 10.0.40219.1
Project("{FAE04EC0-301F-11D3-BF4B-00C04F79EFBC}") = "pract14", "pract14\pract14.csproj", "{32B51728-04E3-4F8A-B856-2D155F5A5BB9}"
EndProject
Global
	GlobalSection(SolutionConfigurationPlatforms) = preSolution
		Debug|Any CPU = Debug|Any CPU
		Release|Any CPU = Release|Any CPU
	EndGlobalSection
	GlobalSection(ProjectConfigurationPlatforms) = postSolution
		{32B51728-04E3-4F8A-B856-2D155F5A5BB9}.Debug|Any CPU.ActiveCfg = Debug|Any CPU
		{32B51728-04E3-4F8A-B856-2D155F5A5BB9}.Debug|Any CPU.Build.0 = Debug|Any CPU
		{32B51728-04E3-4F8A-B856-2D155F5A5BB9}.Release|Any CPU.ActiveCfg = Release|Any CPU
		{32B51728-04E3-4F8A-B856-2D155F5A5BB9}.Release|Any CPU.Build.0 = Release|Any CPU
	EndGlobalSection
	GlobalSection(SolutionProperties) = preSolution
		HideSolutionNode = FALSE
	EndGlobalSection
	GlobalSection(ExtensibilityGlobals) = postSolution
		SolutionGuid = {6A96A3CC-FAA1-4E8F-B82A-2F6626B2D6CE}
	EndGlobalSection
EndGlobal
